
Microsoft Visual Studio Solution File, Format Version 12.00
Project("{FAE04EC0-301F-11D3-BF4B-00C04F79EFBC}") = "Calculator.UI", "Calculator.UI\Calculator.UI.csproj", "{9703D94C-9F13-43AD-A56C-45F125F3AE0C}"
EndProject
Project("{FAE04EC0-301F-11D3-BF4B-00C04F79EFBC}") = "Calculator.Core", "Calculator.Core\Calculator.Core.csproj", "{66459F33-C143-4754-A7EE-4762916EDC20}"
EndProject
Global
	GlobalSection(SolutionConfigurationPlatforms) = preSolution
		Debug|Any CPU = Debug|Any CPU
		Release|Any CPU = Release|Any CPU
	EndGlobalSection
	GlobalSection(ProjectConfigurationPlatforms) = postSolution
		{9703D94C-9F13-43AD-A56C-45F125F3AE0C}.Debug|Any CPU.ActiveCfg = Debug|Any CPU
		{9703D94C-9F13-43AD-A56C-45F125F3AE0C}.Debug|Any CPU.Build.0 = Debug|Any CPU
		{9703D94C-9F13-43AD-A56C-45F125F3AE0C}.Release|Any CPU.ActiveCfg = Release|Any CPU
		{9703D94C-9F13-43AD-A56C-45F125F3AE0C}.Release|Any CPU.Build.0 = Release|Any CPU
		{66459F33-C143-4754-A7EE-4762916EDC20}.Debug|Any CPU.ActiveCfg = Debug|Any CPU
		{66459F33-C143-4754-A7EE-4762916EDC20}.Debug|Any CPU.Build.0 = Debug|Any CPU
		{66459F33-C143-4754-A7EE-4762916EDC20}.Release|Any CPU.ActiveCfg = Release|Any CPU
		{66459F33-C143-4754-A7EE-4762916EDC20}.Release|Any CPU.Build.0 = Release|Any CPU
	EndGlobalSection
EndGlobal
